
Microsoft Visual Studio Solution File, Format Version 10.00
# Visual Studio 2008
Project("{8BC9CEB8-8B4A-11D0-8D11-00A0C91BC942}") = "EnvVar", "EnvVar.vcproj", "{E7890C44-2AFE-4B9B-B1C8-1833C72F1420}"
EndProject
Global
	GlobalSection(SolutionConfigurationPlatforms) = preSolution
		Debug|Win32 = Debug|Win32
		Release|Win32 = Release|Win32
	EndGlobalSection
	GlobalSection(ProjectConfigurationPlatforms) = postSolution
		{E7890C44-2AFE-4B9B-B1C8-1833C72F1420}.Debug|Win32.ActiveCfg = Debug|Win32
		{E7890C44-2AFE-4B9B-B1C8-1833C72F1420}.Debug|Win32.Build.0 = Debug|Win32
		{E7890C44-2AFE-4B9B-B1C8-1833C72F1420}.Release|Win32.ActiveCfg = Release|Win32
		{E7890C44-2AFE-4B9B-B1C8-1833C72F1420}.Release|Win32.Build.0 = Release|Win32
	EndGlobalSection
	GlobalSection(SolutionProperties) = preSolution
		HideSolutionNode = FALSE
	EndGlobalSection
EndGlobal
