
Microsoft Visual Studio Solution File, Format Version 10.00
# Visual Studio 2008
Project("{FAE04EC0-301F-11D3-BF4B-00C04F79EFBC}") = "BeforeLog", "BeforeLog\BeforeLog.csproj", "{B59F248F-756D-49E5-A5B1-9FEACA124FE6}"
EndProject
Project("{FAE04EC0-301F-11D3-BF4B-00C04F79EFBC}") = "NLogTest", "NLogTest\NLogTest.csproj", "{BB0D7387-CAA2-4601-B965-BE3F9DBF8D5D}"
EndProject
Global
	GlobalSection(SolutionConfigurationPlatforms) = preSolution
		Debug|Any CPU = Debug|Any CPU
		Release|Any CPU = Release|Any CPU
	EndGlobalSection
	GlobalSection(ProjectConfigurationPlatforms) = postSolution
		{B59F248F-756D-49E5-A5B1-9FEACA124FE6}.Debug|Any CPU.ActiveCfg = Debug|Any CPU
		{B59F248F-756D-49E5-A5B1-9FEACA124FE6}.Debug|Any CPU.Build.0 = Debug|Any CPU
		{B59F248F-756D-49E5-A5B1-9FEACA124FE6}.Release|Any CPU.ActiveCfg = Release|Any CPU
		{B59F248F-756D-49E5-A5B1-9FEACA124FE6}.Release|Any CPU.Build.0 = Release|Any CPU
		{BB0D7387-CAA2-4601-B965-BE3F9DBF8D5D}.Debug|Any CPU.ActiveCfg = Debug|Any CPU
		{BB0D7387-CAA2-4601-B965-BE3F9DBF8D5D}.Debug|Any CPU.Build.0 = Debug|Any CPU
		{BB0D7387-CAA2-4601-B965-BE3F9DBF8D5D}.Release|Any CPU.ActiveCfg = Release|Any CPU
		{BB0D7387-CAA2-4601-B965-BE3F9DBF8D5D}.Release|Any CPU.Build.0 = Release|Any CPU
	EndGlobalSection
	GlobalSection(SolutionProperties) = preSolution
		HideSolutionNode = FALSE
	EndGlobalSection
EndGlobal
