
Microsoft Visual Studio Solution File, Format Version 10.00
# Visual Studio 2008
Project("{8BC9CEB8-8B4A-11D0-8D11-00A0C91BC942}") = "SendMyIP", "SendMyIP.vcproj", "{FAFD9D95-AC09-4410-9418-458CB6C1CB3B}"
EndProject
Global
	GlobalSection(SolutionConfigurationPlatforms) = preSolution
		Debug|Win32 = Debug|Win32
		Release|Win32 = Release|Win32
	EndGlobalSection
	GlobalSection(ProjectConfigurationPlatforms) = postSolution
		{FAFD9D95-AC09-4410-9418-458CB6C1CB3B}.Debug|Win32.ActiveCfg = Debug|Win32
		{FAFD9D95-AC09-4410-9418-458CB6C1CB3B}.Debug|Win32.Build.0 = Debug|Win32
		{FAFD9D95-AC09-4410-9418-458CB6C1CB3B}.Release|Win32.ActiveCfg = Release|Win32
		{FAFD9D95-AC09-4410-9418-458CB6C1CB3B}.Release|Win32.Build.0 = Release|Win32
	EndGlobalSection
	GlobalSection(SolutionProperties) = preSolution
		HideSolutionNode = FALSE
	EndGlobalSection
EndGlobal
