
Microsoft Visual Studio Solution File, Format Version 10.00
# Visual Studio 2008
Project("{8BC9CEB8-8B4A-11D0-8D11-00A0C91BC942}") = "MFC_odbc", "MFC_odbc.vcproj", "{C145AAD7-1AFA-400A-BCBC-497EEB39E823}"
EndProject
Global
	GlobalSection(SolutionConfigurationPlatforms) = preSolution
		Debug|Win32 = Debug|Win32
		Release|Win32 = Release|Win32
	EndGlobalSection
	GlobalSection(ProjectConfigurationPlatforms) = postSolution
		{C145AAD7-1AFA-400A-BCBC-497EEB39E823}.Debug|Win32.ActiveCfg = Debug|Win32
		{C145AAD7-1AFA-400A-BCBC-497EEB39E823}.Debug|Win32.Build.0 = Debug|Win32
		{C145AAD7-1AFA-400A-BCBC-497EEB39E823}.Release|Win32.ActiveCfg = Release|Win32
		{C145AAD7-1AFA-400A-BCBC-497EEB39E823}.Release|Win32.Build.0 = Release|Win32
	EndGlobalSection
	GlobalSection(SolutionProperties) = preSolution
		HideSolutionNode = FALSE
	EndGlobalSection
EndGlobal
