
Microsoft Visual Studio Solution File, Format Version 10.00
# Visual Studio 2008
Project("{FAE04EC0-301F-11D3-BF4B-00C04F79EFBC}") = "ajax", "ajax\ajax.csproj", "{6A407497-DF0E-4FC5-B1E5-EE2C86CD202F}"
EndProject
Global
	GlobalSection(SolutionConfigurationPlatforms) = preSolution
		Debug|Any CPU = Debug|Any CPU
		Release|Any CPU = Release|Any CPU
	EndGlobalSection
	GlobalSection(ProjectConfigurationPlatforms) = postSolution
		{6A407497-DF0E-4FC5-B1E5-EE2C86CD202F}.Debug|Any CPU.ActiveCfg = Debug|Any CPU
		{6A407497-DF0E-4FC5-B1E5-EE2C86CD202F}.Debug|Any CPU.Build.0 = Debug|Any CPU
		{6A407497-DF0E-4FC5-B1E5-EE2C86CD202F}.Release|Any CPU.ActiveCfg = Release|Any CPU
		{6A407497-DF0E-4FC5-B1E5-EE2C86CD202F}.Release|Any CPU.Build.0 = Release|Any CPU
	EndGlobalSection
	GlobalSection(SolutionProperties) = preSolution
		HideSolutionNode = FALSE
	EndGlobalSection
EndGlobal
