
Microsoft Visual Studio Solution File, Format Version 10.00
# Visual Studio 2008
Project("{8BC9CEB8-8B4A-11D0-8D11-00A0C91BC942}") = "httpGetRequest", "httpGetRequest.vcproj", "{9A6E80F5-775E-4172-8C9D-CBC2F6DDE86B}"
EndProject
Global
	GlobalSection(SolutionConfigurationPlatforms) = preSolution
		Debug|Win32 = Debug|Win32
		Release|Win32 = Release|Win32
	EndGlobalSection
	GlobalSection(ProjectConfigurationPlatforms) = postSolution
		{9A6E80F5-775E-4172-8C9D-CBC2F6DDE86B}.Debug|Win32.ActiveCfg = Debug|Win32
		{9A6E80F5-775E-4172-8C9D-CBC2F6DDE86B}.Debug|Win32.Build.0 = Debug|Win32
		{9A6E80F5-775E-4172-8C9D-CBC2F6DDE86B}.Release|Win32.ActiveCfg = Release|Win32
		{9A6E80F5-775E-4172-8C9D-CBC2F6DDE86B}.Release|Win32.Build.0 = Release|Win32
	EndGlobalSection
	GlobalSection(SolutionProperties) = preSolution
		HideSolutionNode = FALSE
	EndGlobalSection
EndGlobal
