
Microsoft Visual Studio Solution File, Format Version 10.00
# Visual Studio 2008
Project("{8BC9CEB8-8B4A-11D0-8D11-00A0C91BC942}") = "GetIpAddrTable", "GetIpAddrTable.vcproj", "{87A973D3-FDD0-4764-8C9C-F13C4B988418}"
EndProject
Global
	GlobalSection(SolutionConfigurationPlatforms) = preSolution
		Debug|Win32 = Debug|Win32
		Release|Win32 = Release|Win32
	EndGlobalSection
	GlobalSection(ProjectConfigurationPlatforms) = postSolution
		{87A973D3-FDD0-4764-8C9C-F13C4B988418}.Debug|Win32.ActiveCfg = Debug|Win32
		{87A973D3-FDD0-4764-8C9C-F13C4B988418}.Debug|Win32.Build.0 = Debug|Win32
		{87A973D3-FDD0-4764-8C9C-F13C4B988418}.Release|Win32.ActiveCfg = Release|Win32
		{87A973D3-FDD0-4764-8C9C-F13C4B988418}.Release|Win32.Build.0 = Release|Win32
	EndGlobalSection
	GlobalSection(SolutionProperties) = preSolution
		HideSolutionNode = FALSE
	EndGlobalSection
EndGlobal
