
Microsoft Visual Studio Solution File, Format Version 10.00
# Visual Studio 2008
Project("{8BC9CEB8-8B4A-11D0-8D11-00A0C91BC942}") = "DisableMediaSense", "DisableMediaSense.vcproj", "{E070352D-5218-49E9-985B-E58E0DA7589A}"
EndProject
Global
	GlobalSection(SolutionConfigurationPlatforms) = preSolution
		Debug|Win32 = Debug|Win32
		Release|Win32 = Release|Win32
	EndGlobalSection
	GlobalSection(ProjectConfigurationPlatforms) = postSolution
		{E070352D-5218-49E9-985B-E58E0DA7589A}.Debug|Win32.ActiveCfg = Debug|Win32
		{E070352D-5218-49E9-985B-E58E0DA7589A}.Debug|Win32.Build.0 = Debug|Win32
		{E070352D-5218-49E9-985B-E58E0DA7589A}.Release|Win32.ActiveCfg = Release|Win32
		{E070352D-5218-49E9-985B-E58E0DA7589A}.Release|Win32.Build.0 = Release|Win32
	EndGlobalSection
	GlobalSection(SolutionProperties) = preSolution
		HideSolutionNode = FALSE
	EndGlobalSection
EndGlobal
