
Microsoft Visual Studio Solution File, Format Version 10.00
# Visual Studio 2008
Project("{8BC9CEB8-8B4A-11D0-8D11-00A0C91BC942}") = "OnlyOneApplication", "OnlyOneApplication.vcproj", "{0F227AED-4E96-40D6-A89B-97E1559D7080}"
EndProject
Global
	GlobalSection(SolutionConfigurationPlatforms) = preSolution
		Debug|Win32 = Debug|Win32
		Release|Win32 = Release|Win32
	EndGlobalSection
	GlobalSection(ProjectConfigurationPlatforms) = postSolution
		{0F227AED-4E96-40D6-A89B-97E1559D7080}.Debug|Win32.ActiveCfg = Debug|Win32
		{0F227AED-4E96-40D6-A89B-97E1559D7080}.Debug|Win32.Build.0 = Debug|Win32
		{0F227AED-4E96-40D6-A89B-97E1559D7080}.Release|Win32.ActiveCfg = Release|Win32
		{0F227AED-4E96-40D6-A89B-97E1559D7080}.Release|Win32.Build.0 = Release|Win32
	EndGlobalSection
	GlobalSection(SolutionProperties) = preSolution
		HideSolutionNode = FALSE
	EndGlobalSection
EndGlobal
