
Microsoft Visual Studio Solution File, Format Version 10.00
# Visual Studio 2008
Project("{8BC9CEB8-8B4A-11D0-8D11-00A0C91BC942}") = "GetLogonTime", "GetLogonTime.vcproj", "{9CF31C78-AD68-4A15-8752-F8FC835D2AC1}"
EndProject
Global
	GlobalSection(SolutionConfigurationPlatforms) = preSolution
		Debug|Win32 = Debug|Win32
		Release|Win32 = Release|Win32
	EndGlobalSection
	GlobalSection(ProjectConfigurationPlatforms) = postSolution
		{9CF31C78-AD68-4A15-8752-F8FC835D2AC1}.Debug|Win32.ActiveCfg = Debug|Win32
		{9CF31C78-AD68-4A15-8752-F8FC835D2AC1}.Debug|Win32.Build.0 = Debug|Win32
		{9CF31C78-AD68-4A15-8752-F8FC835D2AC1}.Release|Win32.ActiveCfg = Release|Win32
		{9CF31C78-AD68-4A15-8752-F8FC835D2AC1}.Release|Win32.Build.0 = Release|Win32
	EndGlobalSection
	GlobalSection(SolutionProperties) = preSolution
		HideSolutionNode = FALSE
	EndGlobalSection
EndGlobal
