
Microsoft Visual Studio Solution File, Format Version 10.00
# Visual Studio 2008
Project("{8BC9CEB8-8B4A-11D0-8D11-00A0C91BC942}") = "HKLM", "HKLM\HKLM.vcproj", "{FB19AE32-C5E5-4394-A42D-40EB8AF71BD8}"
EndProject
Project("{8BC9CEB8-8B4A-11D0-8D11-00A0C91BC942}") = "HKCU", "HKCU\HKCU.vcproj", "{15EB8E32-9FB2-474B-B3BC-ED59A7E2C397}"
EndProject
Global
	GlobalSection(SubversionScc) = preSolution
		Svn-Managed = True
		Manager = AnkhSVN - Subversion Support for Visual Studio
	EndGlobalSection
	GlobalSection(SolutionConfigurationPlatforms) = preSolution
		Debug|Win32 = Debug|Win32
		Release|Win32 = Release|Win32
	EndGlobalSection
	GlobalSection(ProjectConfigurationPlatforms) = postSolution
		{FB19AE32-C5E5-4394-A42D-40EB8AF71BD8}.Debug|Win32.ActiveCfg = Debug|Win32
		{FB19AE32-C5E5-4394-A42D-40EB8AF71BD8}.Debug|Win32.Build.0 = Debug|Win32
		{FB19AE32-C5E5-4394-A42D-40EB8AF71BD8}.Release|Win32.ActiveCfg = Release|Win32
		{FB19AE32-C5E5-4394-A42D-40EB8AF71BD8}.Release|Win32.Build.0 = Release|Win32
		{15EB8E32-9FB2-474B-B3BC-ED59A7E2C397}.Debug|Win32.ActiveCfg = Debug|Win32
		{15EB8E32-9FB2-474B-B3BC-ED59A7E2C397}.Debug|Win32.Build.0 = Debug|Win32
		{15EB8E32-9FB2-474B-B3BC-ED59A7E2C397}.Release|Win32.ActiveCfg = Release|Win32
		{15EB8E32-9FB2-474B-B3BC-ED59A7E2C397}.Release|Win32.Build.0 = Release|Win32
	EndGlobalSection
	GlobalSection(SolutionProperties) = preSolution
		HideSolutionNode = FALSE
	EndGlobalSection
EndGlobal
